// !$*UTF8*$!
{
	archiveVersion = 1;
	classes = {
	};
	objectVersion = 56;
	objects = {

/* Begin PBXBuildFile section */
		647BFBB12B06F19B009DE90A /* GeometryHelperApp.swift in Sources */ = {isa = PBXBuildFile; fileRef = 647BFBB02B06F19B009DE90A /* GeometryHelperApp.swift */; };
		647BFBB32B06F19B009DE90A /* ContentView.swift in Sources */ = {isa = PBXBuildFile; fileRef = 647BFBB22B06F19B009DE90A /* ContentView.swift */; };
		647BFBB52B06F19C009DE90A /* Assets.xcassets in Resources */ = {isa = PBXBuildFile; fileRef = 647BFBB42B06F19C009DE90A /* Assets.xcassets */; };
		647BFBB82B06F19C009DE90A /* Preview Assets.xcassets in Resources */ = {isa = PBXBuildFile; fileRef = 647BFBB72B06F19C009DE90A /* Preview Assets.xcassets */; };
		647BFBC22B06F19C009DE90A /* GeometryHelperTests.swift in Sources */ = {isa = PBXBuildFile; fileRef = 647BFBC12B06F19C009DE90A /* GeometryHelperTests.swift */; };
		647BFBCC2B06F19C009DE90A /* GeometryHelperUITests.swift in Sources */ = {isa = PBXBuildFile; fileRef = 647BFBCB2B06F19C009DE90A /* GeometryHelperUITests.swift */; };
		647BFBCE2B06F19C009DE90A /* GeometryHelperUITestsLaunchTests.swift in Sources */ = {isa = PBXBuildFile; fileRef = 647BFBCD2B06F19C009DE90A /* GeometryHelperUITestsLaunchTests.swift */; };
/* End PBXBuildFile section */

/* Begin PBXContainerItemProxy section */
		647BFBBE2B06F19C009DE90A /* PBXContainerItemProxy */ = {
			isa = PBXContainerItemProxy;
			containerPortal = 647BFBA52B06F19A009DE90A /* Project object */;
			proxyType = 1;
			remoteGlobalIDString = 647BFBAC2B06F19B009DE90A;
			remoteInfo = GeometryHelper;
		};
		647BFBC82B06F19C009DE90A /* PBXContainerItemProxy */ = {
			isa = PBXContainerItemProxy;
			containerPortal = 647BFBA52B06F19A009DE90A /* Project object */;
			proxyType = 1;
			remoteGlobalIDString = 647BFBAC2B06F19B009DE90A;
			remoteInfo = GeometryHelper;
		};
/* End PBXContainerItemProxy section */

/* Begin PBXFileReference section */
		647BFBAD2B06F19B009DE90A /* GeometryHelper.app */ = {isa = PBXFileReference; explicitFileType = wrapper.application; includeInIndex = 0; path = GeometryHelper.app; sourceTree = BUILT_PRODUCTS_DIR; };
		647BFBB02B06F19B009DE90A /* GeometryHelperApp.swift */ = {isa = PBXFileReference; lastKnownFileType = sourcecode.swift; path = GeometryHelperApp.swift; sourceTree = "<group>"; };
		647BFBB22B06F19B009DE90A /* ContentView.swift */ = {isa = PBXFileReference; lastKnownFileType = sourcecode.swift; path = ContentView.swift; sourceTree = "<group>"; };
		647BFBB42B06F19C009DE90A /* Assets.xcassets */ = {isa = PBXFileReference; lastKnownFileType = folder.assetcatalog; path = Assets.xcassets; sourceTree = "<group>"; };
		647BFBB72B06F19C009DE90A /* Preview Assets.xcassets */ = {isa = PBXFileReference; lastKnownFileType = folder.assetcatalog; path = "Preview Assets.xcassets"; sourceTree = "<group>"; };
		647BFBBD2B06F19C009DE90A /* GeometryHelperTests.xctest */ = {isa = PBXFileReference; explicitFileType = wrapper.cfbundle; includeInIndex = 0; path = GeometryHelperTests.xctest; sourceTree = BUILT_PRODUCTS_DIR; };
		647BFBC12B06F19C009DE90A /* GeometryHelperTests.swift */ = {isa = PBXFileReference; lastKnownFileType = sourcecode.swift; path = GeometryHelperTests.swift; sourceTree = "<group>"; };
		647BFBC72B06F19C009DE90A /* GeometryHelperUITests.xctest */ = {isa = PBXFileReference; explicitFileType = wrapper.cfbundle; includeInIndex = 0; path = GeometryHelperUITests.xctest; sourceTree = BUILT_PRODUCTS_DIR; };
		647BFBCB2B06F19C009DE90A /* GeometryHelperUITests.swift */ = {isa = PBXFileReference; lastKnownFileType = sourcecode.swift; path = GeometryHelperUITests.swift; sourceTree = "<group>"; };
		647BFBCD2B06F19C009DE90A /* GeometryHelperUITestsLaunchTests.swift */ = {isa = PBXFileReference; lastKnownFileType = sourcecode.swift; path = GeometryHelperUITestsLaunchTests.swift; sourceTree = "<group>"; };
/* End PBXFileReference section */

/* Begin PBXFrameworksBuildPhase section */
		647BFBAA2B06F19B009DE90A /* Frameworks */ = {
			isa = PBXFrameworksBuildPhase;
			buildActionMask = 2147483647;
			files = (
			);
			runOnlyForDeploymentPostprocessing = 0;
		};
		647BFBBA2B06F19C009DE90A /* Frameworks */ = {
			isa = PBXFrameworksBuildPhase;
			buildActionMask = 2147483647;
			files = (
			);
			runOnlyForDeploymentPostprocessing = 0;
		};
		647BFBC42B06F19C009DE90A /* Frameworks */ = {
			isa = PBXFrameworksBuildPhase;
			buildActionMask = 2147483647;
			files = (
			);
			runOnlyForDeploymentPostprocessing = 0;
		};
/* End PBXFrameworksBuildPhase section */

/* Begin PBXGroup section */
		647BFBA42B06F19A009DE90A = {
			isa = PBXGroup;
			children = (
				647BFBAF2B06F19B009DE90A /* GeometryHelper */,
				647BFBC02B06F19C009DE90A /* GeometryHelperTests */,
				647BFBCA2B06F19C009DE90A /* GeometryHelperUITests */,
				647BFBAE2B06F19B009DE90A /* Products */,
			);
			sourceTree = "<group>";
		};
		647BFBAE2B06F19B009DE90A /* Products */ = {
			isa = PBXGroup;
			children = (
				647BFBAD2B06F19B009DE90A /* GeometryHelper.app */,
				647BFBBD2B06F19C009DE90A /* GeometryHelperTests.xctest */,
				647BFBC72B06F19C009DE90A /* GeometryHelperUITests.xctest */,
			);
			name = Products;
			sourceTree = "<group>";
		};
		647BFBAF2B06F19B009DE90A /* GeometryHelper */ = {
			isa = PBXGroup;
			children = (
				647BFBB02B06F19B009DE90A /* GeometryHelperApp.swift */,
				647BFBB22B06F19B009DE90A /* ContentView.swift */,
				647BFBB42B06F19C009DE90A /* Assets.xcassets */,
				647BFBB62B06F19C009DE90A /* Preview Content */,
			);
			path = GeometryHelper;
			sourceTree = "<group>";
		};
		647BFBB62B06F19C009DE90A /* Preview Content */ = {
			isa = PBXGroup;
			children = (
				647BFBB72B06F19C009DE90A /* Preview Assets.xcassets */,
			);
			path = "Preview Content";
			sourceTree = "<group>";
		};
		647BFBC02B06F19C009DE90A /* GeometryHelperTests */ = {
			isa = PBXGroup;
			children = (
				647BFBC12B06F19C009DE90A /* GeometryHelperTests.swift */,
			);
			path = GeometryHelperTests;
			sourceTree = "<group>";
		};
		647BFBCA2B06F19C009DE90A /* GeometryHelperUITests */ = {
			isa = PBXGroup;
			children = (
				647BFBCB2B06F19C009DE90A /* GeometryHelperUITests.swift */,
				647BFBCD2B06F19C009DE90A /* GeometryHelperUITestsLaunchTests.swift */,
			);
			path = GeometryHelperUITests;
			sourceTree = "<group>";
		};
/* End PBXGroup section */

/* Begin PBXNativeTarget section */
		647BFBAC2B06F19B009DE90A /* GeometryHelper */ = {
			isa = PBXNativeTarget;
			buildConfigurationList = 647BFBD12B06F19C009DE90A /* Build configuration list for PBXNativeTarget "GeometryHelper" */;
			buildPhases = (
				647BFBA92B06F19B009DE90A /* Sources */,
				647BFBAA2B06F19B009DE90A /* Frameworks */,
				647BFBAB2B06F19B009DE90A /* Resources */,
			);
			buildRules = (
			);
			dependencies = (
			);
			name = GeometryHelper;
			productName = GeometryHelper;
			productReference = 647BFBAD2B06F19B009DE90A /* GeometryHelper.app */;
			productType = "com.apple.product-type.application";
		};
		647BFBBC2B06F19C009DE90A /* GeometryHelperTests */ = {
			isa = PBXNativeTarget;
			buildConfigurationList = 647BFBD42B06F19C009DE90A /* Build configuration list for PBXNativeTarget "GeometryHelperTests" */;
			buildPhases = (
				647BFBB92B06F19C009DE90A /* Sources */,
				647BFBBA2B06F19C009DE90A /* Frameworks */,
				647BFBBB2B06F19C009DE90A /* Resources */,
			);
			buildRules = (
			);
			dependencies = (
				647BFBBF2B06F19C009DE90A /* PBXTargetDependency */,
			);
			name = GeometryHelperTests;
			productName = GeometryHelperTests;
			productReference = 647BFBBD2B06F19C009DE90A /* GeometryHelperTests.xctest */;
			productType = "com.apple.product-type.bundle.unit-test";
		};
		647BFBC62B06F19C009DE90A /* GeometryHelperUITests */ = {
			isa = PBXNativeTarget;
			buildConfigurationList = 647BFBD72B06F19C009DE90A /* Build configuration list for PBXNativeTarget "GeometryHelperUITests" */;
			buildPhases = (
				647BFBC32B06F19C009DE90A /* Sources */,
				647BFBC42B06F19C009DE90A /* Frameworks */,
				647BFBC52B06F19C009DE90A /* Resources */,
			);
			buildRules = (
			);
			dependencies = (
				647BFBC92B06F19C009DE90A /* PBXTargetDependency */,
			);
			name = GeometryHelperUITests;
			productName = GeometryHelperUITests;
			productReference = 647BFBC72B06F19C009DE90A /* GeometryHelperUITests.xctest */;
			productType = "com.apple.product-type.bundle.ui-testing";
		};
/* End PBXNativeTarget section */

/* Begin PBXProject section */
		647BFBA52B06F19A009DE90A /* Project object */ = {
			isa = PBXProject;
			attributes = {
				BuildIndependentTargetsInParallel = 1;
				LastSwiftUpdateCheck = 1500;
				LastUpgradeCheck = 1500;
				TargetAttributes = {
					647BFBAC2B06F19B009DE90A = {
						CreatedOnToolsVersion = 15.0;
					};
					647BFBBC2B06F19C009DE90A = {
						CreatedOnToolsVersion = 15.0;
						TestTargetID = 647BFBAC2B06F19B009DE90A;
					};
					647BFBC62B06F19C009DE90A = {
						CreatedOnToolsVersion = 15.0;
						TestTargetID = 647BFBAC2B06F19B009DE90A;
					};
				};
			};
			buildConfigurationList = 647BFBA82B06F19A009DE90A /* Build configuration list for PBXProject "GeometryHelper" */;
			compatibilityVersion = "Xcode 14.0";
			developmentRegion = en;
			hasScannedForEncodings = 0;
			knownRegions = (
				en,
				Base,
			);
			mainGroup = 647BFBA42B06F19A009DE90A;
			productRefGroup = 647BFBAE2B06F19B009DE90A /* Products */;
			projectDirPath = "";
			projectRoot = "";
			targets = (
				647BFBAC2B06F19B009DE90A /* GeometryHelper */,
				647BFBBC2B06F19C009DE90A /* GeometryHelperTests */,
				647BFBC62B06F19C009DE90A /* GeometryHelperUITests */,
			);
		};
/* End PBXProject section */

/* Begin PBXResourcesBuildPhase section */
		647BFBAB2B06F19B009DE90A /* Resources */ = {
			isa = PBXResourcesBuildPhase;
			buildActionMask = 2147483647;
			files = (
				647BFBB82B06F19C009DE90A /* Preview Assets.xcassets in Resources */,
				647BFBB52B06F19C009DE90A /* Assets.xcassets in Resources */,
			);
			runOnlyForDeploymentPostprocessing = 0;
		};
		647BFBBB2B06F19C009DE90A /* Resources */ = {
			isa = PBXResourcesBuildPhase;
			buildActionMask = 2147483647;
			files = (
			);
			runOnlyForDeploymentPostprocessing = 0;
		};
		647BFBC52B06F19C009DE90A /* Resources */ = {
			isa = PBXResourcesBuildPhase;
			buildActionMask = 2147483647;
			files = (
			);
			runOnlyForDeploymentPostprocessing = 0;
		};
/* End PBXResourcesBuildPhase section */

/* Begin PBXSourcesBuildPhase section */
		647BFBA92B06F19B009DE90A /* Sources */ = {
			isa = PBXSourcesBuildPhase;
			buildActionMask = 2147483647;
			files = (
				647BFBB32B06F19B009DE90A /* ContentView.swift in Sources */,
				647BFBB12B06F19B009DE90A /* GeometryHelperApp.swift in Sources */,
			);
			runOnlyForDeploymentPostprocessing = 0;
		};
		647BFBB92B06F19C009DE90A /* Sources */ = {
			isa = PBXSourcesBuildPhase;
			buildActionMask = 2147483647;
			files = (
				647BFBC22B06F19C009DE90A /* GeometryHelperTests.swift in Sources */,
			);
			runOnlyForDeploymentPostprocessing = 0;
		};
		647BFBC32B06F19C009DE90A /* Sources */ = {
			isa = PBXSourcesBuildPhase;
			buildActionMask = 2147483647;
			files = (
				647BFBCE2B06F19C009DE90A /* GeometryHelperUITestsLaunchTests.swift in Sources */,
				647BFBCC2B06F19C009DE90A /* GeometryHelperUITests.swift in Sources */,
			);
			runOnlyForDeploymentPostprocessing = 0;
		};
/* End PBXSourcesBuildPhase section */

/* Begin PBXTargetDependency section */
		647BFBBF2B06F19C009DE90A /* PBXTargetDependency */ = {
			isa = PBXTargetDependency;
			target = 647BFBAC2B06F19B009DE90A /* GeometryHelper */;
			targetProxy = 647BFBBE2B06F19C009DE90A /* PBXContainerItemProxy */;
		};
		647BFBC92B06F19C009DE90A /* PBXTargetDependency */ = {
			isa = PBXTargetDependency;
			target = 647BFBAC2B06F19B009DE90A /* GeometryHelper */;
			targetProxy = 647BFBC82B06F19C009DE90A /* PBXContainerItemProxy */;
		};
/* End PBXTargetDependency section */

/* Begin XCBuildConfiguration section */
		647BFBCF2B06F19C009DE90A /* Debug */ = {
			isa = XCBuildConfiguration;
			buildSettings = {
				ALWAYS_SEARCH_USER_PATHS = NO;
				ASSETCATALOG_COMPILER_GENERATE_SWIFT_ASSET_SYMBOL_EXTENSIONS = YES;
				CLANG_ANALYZER_NONNULL = YES;
				CLANG_ANALYZER_NUMBER_OBJECT_CONVERSION = YES_AGGRESSIVE;
				CLANG_CXX_LANGUAGE_STANDARD = "gnu++20";
				CLANG_ENABLE_MODULES = YES;
				CLANG_ENABLE_OBJC_ARC = YES;
				CLANG_ENABLE_OBJC_WEAK = YES;
				CLANG_WARN_BLOCK_CAPTURE_AUTORELEASING = YES;
				CLANG_WARN_BOOL_CONVERSION = YES;
				CLANG_WARN_COMMA = YES;
				CLANG_WARN_CONSTANT_CONVERSION = YES;
				CLANG_WARN_DEPRECATED_OBJC_IMPLEMENTATIONS = YES;
				CLANG_WARN_DIRECT_OBJC_ISA_USAGE = YES_ERROR;
				CLANG_WARN_DOCUMENTATION_COMMENTS = YES;
				CLANG_WARN_EMPTY_BODY = YES;
				CLANG_WARN_ENUM_CONVERSION = YES;
				CLANG_WARN_INFINITE_RECURSION = YES;
				CLANG_WARN_INT_CONVERSION = YES;
				CLANG_WARN_NON_LITERAL_NULL_CONVERSION = YES;
				CLANG_WARN_OBJC_IMPLICIT_RETAIN_SELF = YES;
				CLANG_WARN_OBJC_LITERAL_CONVERSION = YES;
				CLANG_WARN_OBJC_ROOT_CLASS = YES_ERROR;
				CLANG_WARN_QUOTED_INCLUDE_IN_FRAMEWORK_HEADER = YES;
				CLANG_WARN_RANGE_LOOP_ANALYSIS = YES;
				CLANG_WARN_STRICT_PROTOTYPES = YES;
				CLANG_WARN_SUSPICIOUS_MOVE = YES;
				CLANG_WARN_UNGUARDED_AVAILABILITY = YES_AGGRESSIVE;
				CLANG_WARN_UNREACHABLE_CODE = YES;
				CLANG_WARN__DUPLICATE_METHOD_MATCH = YES;
				COPY_PHASE_STRIP = NO;
				DEBUG_INFORMATION_FORMAT = dwarf;
				ENABLE_STRICT_OBJC_MSGSEND = YES;
				ENABLE_TESTABILITY = YES;
				ENABLE_USER_SCRIPT_SANDBOXING = YES;
				GCC_C_LANGUAGE_STANDARD = gnu17;
				GCC_DYNAMIC_NO_PIC = NO;
				GCC_NO_COMMON_BLOCKS = YES;
				GCC_OPTIMIZATION_LEVEL = 0;
				GCC_PREPROCESSOR_DEFINITIONS = (
					"DEBUG=1",
					"$(inherited)",
				);
				GCC_WARN_64_TO_32_BIT_CONVERSION = YES;
				GCC_WARN_ABOUT_RETURN_TYPE = YES_ERROR;
				GCC_WARN_UNDECLARED_SELECTOR = YES;
				GCC_WARN_UNINITIALIZED_AUTOS = YES_AGGRESSIVE;
				GCC_WARN_UNUSED_FUNCTION = YES;
				GCC_WARN_UNUSED_VARIABLE = YES;
				IPHONEOS_DEPLOYMENT_TARGET = 17.0;
				LOCALIZATION_PREFERS_STRING_CATALOGS = YES;
				MTL_ENABLE_DEBUG_INFO = INCLUDE_SOURCE;
				MTL_FAST_MATH = YES;
				ONLY_ACTIVE_ARCH = YES;
				SDKROOT = iphoneos;
				SWIFT_ACTIVE_COMPILATION_CONDITIONS = "DEBUG $(inherited)";
				SWIFT_OPTIMIZATION_LEVEL = "-Onone";
			};
			name = Debug;
		};
		647BFBD02B06F19C009DE90A /* Release */ = {
			isa = XCBuildConfiguration;
			buildSettings = {
				ALWAYS_SEARCH_USER_PATHS = NO;
				ASSETCATALOG_COMPILER_GENERATE_SWIFT_ASSET_SYMBOL_EXTENSIONS = YES;
				CLANG_ANALYZER_NONNULL = YES;
				CLANG_ANALYZER_NUMBER_OBJECT_CONVERSION = YES_AGGRESSIVE;
				CLANG_CXX_LANGUAGE_STANDARD = "gnu++20";
				CLANG_ENABLE_MODULES = YES;
				CLANG_ENABLE_OBJC_ARC = YES;
				CLANG_ENABLE_OBJC_WEAK = YES;
				CLANG_WARN_BLOCK_CAPTURE_AUTORELEASING = YES;
				CLANG_WARN_BOOL_CONVERSION = YES;
				CLANG_WARN_COMMA = YES;
				CLANG_WARN_CONSTANT_CONVERSION = YES;
				CLANG_WARN_DEPRECATED_OBJC_IMPLEMENTATIONS = YES;
				CLANG_WARN_DIRECT_OBJC_ISA_USAGE = YES_ERROR;
				CLANG_WARN_DOCUMENTATION_COMMENTS = YES;
				CLANG_WARN_EMPTY_BODY = YES;
				CLANG_WARN_ENUM_CONVERSION = YES;
				CLANG_WARN_INFINITE_RECURSION = YES;
				CLANG_WARN_INT_CONVERSION = YES;
				CLANG_WARN_NON_LITERAL_NULL_CONVERSION = YES;
				CLANG_WARN_OBJC_IMPLICIT_RETAIN_SELF = YES;
				CLANG_WARN_OBJC_LITERAL_CONVERSION = YES;
				CLANG_WARN_OBJC_ROOT_CLASS = YES_ERROR;
				CLANG_WARN_QUOTED_INCLUDE_IN_FRAMEWORK_HEADER = YES;
				CLANG_WARN_RANGE_LOOP_ANALYSIS = YES;
				CLANG_WARN_STRICT_PROTOTYPES = YES;
				CLANG_WARN_SUSPICIOUS_MOVE = YES;
				CLANG_WARN_UNGUARDED_AVAILABILITY = YES_AGGRESSIVE;
				CLANG_WARN_UNREACHABLE_CODE = YES;
				CLANG_WARN__DUPLICATE_METHOD_MATCH = YES;
				COPY_PHASE_STRIP = NO;
				DEBUG_INFORMATION_FORMAT = "dwarf-with-dsym";
				ENABLE_NS_ASSERTIONS = NO;
				ENABLE_STRICT_OBJC_MSGSEND = YES;
				ENABLE_USER_SCRIPT_SANDBOXING = YES;
				GCC_C_LANGUAGE_STANDARD = gnu17;
				GCC_NO_COMMON_BLOCKS = YES;
				GCC_WARN_64_TO_32_BIT_CONVERSION = YES;
				GCC_WARN_ABOUT_RETURN_TYPE = YES_ERROR;
				GCC_WARN_UNDECLARED_SELECTOR = YES;
				GCC_WARN_UNINITIALIZED_AUTOS = YES_AGGRESSIVE;
				GCC_WARN_UNUSED_FUNCTION = YES;
				GCC_WARN_UNUSED_VARIABLE = YES;
				IPHONEOS_DEPLOYMENT_TARGET = 17.0;
				LOCALIZATION_PREFERS_STRING_CATALOGS = YES;
				MTL_ENABLE_DEBUG_INFO = NO;
				MTL_FAST_MATH = YES;
				SDKROOT = iphoneos;
				SWIFT_COMPILATION_MODE = wholemodule;
				VALIDATE_PRODUCT = YES;
			};
			name = Release;
		};
		647BFBD22B06F19C009DE90A /* Debug */ = {
			isa = XCBuildConfiguration;
			buildSettings = {
				ASSETCATALOG_COMPILER_APPICON_NAME = AppIcon;
				ASSETCATALOG_COMPILER_GLOBAL_ACCENT_COLOR_NAME = AccentColor;
				CODE_SIGN_STYLE = Automatic;
				CURRENT_PROJECT_VERSION = 1;
				DEVELOPMENT_ASSET_PATHS = "\"GeometryHelper/Preview Content\"";
				DEVELOPMENT_TEAM = 7QCL975C9K;
				ENABLE_PREVIEWS = YES;
				GENERATE_INFOPLIST_FILE = YES;
				INFOPLIST_KEY_UIApplicationSceneManifest_Generation = YES;
				INFOPLIST_KEY_UIApplicationSupportsIndirectInputEvents = YES;
				INFOPLIST_KEY_UILaunchScreen_Generation = YES;
				INFOPLIST_KEY_UISupportedInterfaceOrientations_iPad = "UIInterfaceOrientationPortrait UIInterfaceOrientationPortraitUpsideDown UIInterfaceOrientationLandscapeLeft UIInterfaceOrientationLandscapeRight";
				INFOPLIST_KEY_UISupportedInterfaceOrientations_iPhone = "UIInterfaceOrientationPortrait UIInterfaceOrientationLandscapeLeft UIInterfaceOrientationLandscapeRight";
				LD_RUNPATH_SEARCH_PATHS = (
					"$(inherited)",
					"@executable_path/Frameworks",
				);
				MARKETING_VERSION = 1.0;
				PRODUCT_BUNDLE_IDENTIFIER = ca.yukunxie.GeometryHelper;
				PRODUCT_NAME = "$(TARGET_NAME)";
				SWIFT_EMIT_LOC_STRINGS = YES;
				SWIFT_VERSION = 5.0;
				TARGETED_DEVICE_FAMILY = "1,2";
			};
			name = Debug;
		};
		647BFBD32B06F19C009DE90A /* Release */ = {
			isa = XCBuildConfiguration;
			buildSettings = {
				ASSETCATALOG_COMPILER_APPICON_NAME = AppIcon;
				ASSETCATALOG_COMPILER_GLOBAL_ACCENT_COLOR_NAME = AccentColor;
				CODE_SIGN_STYLE = Automatic;
				CURRENT_PROJECT_VERSION = 1;
				DEVELOPMENT_ASSET_PATHS = "\"GeometryHelper/Preview Content\"";
				DEVELOPMENT_TEAM = 7QCL975C9K;
				ENABLE_PREVIEWS = YES;
				GENERATE_INFOPLIST_FILE = YES;
				INFOPLIST_KEY_UIApplicationSceneManifest_Generation = YES;
				INFOPLIST_KEY_UIApplicationSupportsIndirectInputEvents = YES;
				INFOPLIST_KEY_UILaunchScreen_Generation = YES;
				INFOPLIST_KEY_UISupportedInterfaceOrientations_iPad = "UIInterfaceOrientationPortrait UIInterfaceOrientationPortraitUpsideDown UIInterfaceOrientationLandscapeLeft UIInterfaceOrientationLandscapeRight";
				INFOPLIST_KEY_UISupportedInterfaceOrientations_iPhone = "UIInterfaceOrientationPortrait UIInterfaceOrientationLandscapeLeft UIInterfaceOrientationLandscapeRight";
				LD_RUNPATH_SEARCH_PATHS = (
					"$(inherited)",
					"@executable_path/Frameworks",
				);
				MARKETING_VERSION = 1.0;
				PRODUCT_BUNDLE_IDENTIFIER = ca.yukunxie.GeometryHelper;
				PRODUCT_NAME = "$(TARGET_NAME)";
				SWIFT_EMIT_LOC_STRINGS = YES;
				SWIFT_VERSION = 5.0;
				TARGETED_DEVICE_FAMILY = "1,2";
			};
			name = Release;
		};
		647BFBD52B06F19C009DE90A /* Debug */ = {
			isa = XCBuildConfiguration;
			buildSettings = {
				ALWAYS_EMBED_SWIFT_STANDARD_LIBRARIES = YES;
				BUNDLE_LOADER = "$(TEST_HOST)";
				CODE_SIGN_STYLE = Automatic;
				CURRENT_PROJECT_VERSION = 1;
				DEVELOPMENT_TEAM = 7QCL975C9K;
				GENERATE_INFOPLIST_FILE = YES;
				IPHONEOS_DEPLOYMENT_TARGET = 17.0;
				MARKETING_VERSION = 1.0;
				PRODUCT_BUNDLE_IDENTIFIER = ca.yukunxie.GeometryHelperTests;
				PRODUCT_NAME = "$(TARGET_NAME)";
				SWIFT_EMIT_LOC_STRINGS = NO;
				SWIFT_VERSION = 5.0;
				TARGETED_DEVICE_FAMILY = "1,2";
				TEST_HOST = "$(BUILT_PRODUCTS_DIR)/GeometryHelper.app/$(BUNDLE_EXECUTABLE_FOLDER_PATH)/GeometryHelper";
			};
			name = Debug;
		};
		647BFBD62B06F19C009DE90A /* Release */ = {
			isa = XCBuildConfiguration;
			buildSettings = {
				ALWAYS_EMBED_SWIFT_STANDARD_LIBRARIES = YES;
				BUNDLE_LOADER = "$(TEST_HOST)";
				CODE_SIGN_STYLE = Automatic;
				CURRENT_PROJECT_VERSION = 1;
				DEVELOPMENT_TEAM = 7QCL975C9K;
				GENERATE_INFOPLIST_FILE = YES;
				IPHONEOS_DEPLOYMENT_TARGET = 17.0;
				MARKETING_VERSION = 1.0;
				PRODUCT_BUNDLE_IDENTIFIER = ca.yukunxie.GeometryHelperTests;
				PRODUCT_NAME = "$(TARGET_NAME)";
				SWIFT_EMIT_LOC_STRINGS = NO;
				SWIFT_VERSION = 5.0;
				TARGETED_DEVICE_FAMILY = "1,2";
				TEST_HOST = "$(BUILT_PRODUCTS_DIR)/GeometryHelper.app/$(BUNDLE_EXECUTABLE_FOLDER_PATH)/GeometryHelper";
			};
			name = Release;
		};
		647BFBD82B06F19C009DE90A /* Debug */ = {
			isa = XCBuildConfiguration;
			buildSettings = {
				ALWAYS_EMBED_SWIFT_STANDARD_LIBRARIES = YES;
				CODE_SIGN_STYLE = Automatic;
				CURRENT_PROJECT_VERSION = 1;
				DEVELOPMENT_TEAM = 7QCL975C9K;
				GENERATE_INFOPLIST_FILE = YES;
				MARKETING_VERSION = 1.0;
				PRODUCT_BUNDLE_IDENTIFIER = ca.yukunxie.GeometryHelperUITests;
				PRODUCT_NAME = "$(TARGET_NAME)";
				SWIFT_EMIT_LOC_STRINGS = NO;
				SWIFT_VERSION = 5.0;
				TARGETED_DEVICE_FAMILY = "1,2";
				TEST_TARGET_NAME = GeometryHelper;
			};
			name = Debug;
		};
		647BFBD92B06F19C009DE90A /* Release */ = {
			isa = XCBuildConfiguration;
			buildSettings = {
				ALWAYS_EMBED_SWIFT_STANDARD_LIBRARIES = YES;
				CODE_SIGN_STYLE = Automatic;
				CURRENT_PROJECT_VERSION = 1;
				DEVELOPMENT_TEAM = 7QCL975C9K;
				GENERATE_INFOPLIST_FILE = YES;
				MARKETING_VERSION = 1.0;
				PRODUCT_BUNDLE_IDENTIFIER = ca.yukunxie.GeometryHelperUITests;
				PRODUCT_NAME = "$(TARGET_NAME)";
				SWIFT_EMIT_LOC_STRINGS = NO;
				SWIFT_VERSION = 5.0;
				TARGETED_DEVICE_FAMILY = "1,2";
				TEST_TARGET_NAME = GeometryHelper;
			};
			name = Release;
		};
/* End XCBuildConfiguration section */

/* Begin XCConfigurationList section */
		647BFBA82B06F19A009DE90A /* Build configuration list for PBXProject "GeometryHelper" */ = {
			isa = XCConfigurationList;
			buildConfigurations = (
				647BFBCF2B06F19C009DE90A /* Debug */,
				647BFBD02B06F19C009DE90A /* Release */,
			);
			defaultConfigurationIsVisible = 0;
			defaultConfigurationName = Release;
		};
		647BFBD12B06F19C009DE90A /* Build configuration list for PBXNativeTarget "GeometryHelper" */ = {
			isa = XCConfigurationList;
			buildConfigurations = (
				647BFBD22B06F19C009DE90A /* Debug */,
				647BFBD32B06F19C009DE90A /* Release */,
			);
			defaultConfigurationIsVisible = 0;
			defaultConfigurationName = Release;
		};
		647BFBD42B06F19C009DE90A /* Build configuration list for PBXNativeTarget "GeometryHelperTests" */ = {
			isa = XCConfigurationList;
			buildConfigurations = (
				647BFBD52B06F19C009DE90A /* Debug */,
				647BFBD62B06F19C009DE90A /* Release */,
			);
			defaultConfigurationIsVisible = 0;
			defaultConfigurationName = Release;
		};
		647BFBD72B06F19C009DE90A /* Build configuration list for PBXNativeTarget "GeometryHelperUITests" */ = {
			isa = XCConfigurationList;
			buildConfigurations = (
				647BFBD82B06F19C009DE90A /* Debug */,
				647BFBD92B06F19C009DE90A /* Release */,
			);
			defaultConfigurationIsVisible = 0;
			defaultConfigurationName = Release;
		};
/* End XCConfigurationList section */
	};
	rootObject = 647BFBA52B06F19A009DE90A /* Project object */;
}
